// !$*UTF8*$!
{
	archiveVersion = 1;
	classes = {
	};
	objectVersion = 56;
	objects = {

/* Begin PBXBuildFile section */
		494FEC192C8EF4DC009A2031 /* DigitalPictureFrameApp.swift in Sources */ = {isa = PBXBuildFile; fileRef = 494FEC182C8EF4DC009A2031 /* DigitalPictureFrameApp.swift */; };
		494FEC1B2C8EF4DC009A2031 /* ContentView.swift in Sources */ = {isa = PBXBuildFile; fileRef = 494FEC1A2C8EF4DC009A2031 /* ContentView.swift */; };
		494FEC1D2C8EF4DD009A2031 /* Assets.xcassets in Resources */ = {isa = PBXBuildFile; fileRef = 494FEC1C2C8EF4DD009A2031 /* Assets.xcassets */; };
		494FEC202C8EF4DD009A2031 /* Preview Assets.xcassets in Resources */ = {isa = PBXBuildFile; fileRef = 494FEC1F2C8EF4DD009A2031 /* Preview Assets.xcassets */; };
		496CAC882C8FFF820059E50C /* LightMonitor.swift in Sources */ = {isa = PBXBuildFile; fileRef = 496CAC872C8FFF820059E50C /* LightMonitor.swift */; };
		496CAC8A2C9000FE0059E50C /* PowerSavingManager.swift in Sources */ = {isa = PBXBuildFile; fileRef = 496CAC892C9000FE0059E50C /* PowerSavingManager.swift */; };
		49EC2FF72C9021F90066436E /* AssetSorting.swift in Sources */ = {isa = PBXBuildFile; fileRef = 49EC2FF62C9021F90066436E /* AssetSorting.swift */; };
/* End PBXBuildFile section */

/* Begin PBXFileReference section */
		494FEC152C8EF4DC009A2031 /* DigitalPictureFrame.app */ = {isa = PBXFileReference; explicitFileType = wrapper.application; includeInIndex = 0; path = DigitalPictureFrame.app; sourceTree = BUILT_PRODUCTS_DIR; };
		494FEC182C8EF4DC009A2031 /* DigitalPictureFrameApp.swift */ = {isa = PBXFileReference; lastKnownFileType = sourcecode.swift; path = DigitalPictureFrameApp.swift; sourceTree = "<group>"; };
		494FEC1A2C8EF4DC009A2031 /* ContentView.swift */ = {isa = PBXFileReference; lastKnownFileType = sourcecode.swift; path = ContentView.swift; sourceTree = "<group>"; };
		494FEC1C2C8EF4DD009A2031 /* Assets.xcassets */ = {isa = PBXFileReference; lastKnownFileType = folder.assetcatalog; path = Assets.xcassets; sourceTree = "<group>"; };
		494FEC1F2C8EF4DD009A2031 /* Preview Assets.xcassets */ = {isa = PBXFileReference; lastKnownFileType = folder.assetcatalog; path = "Preview Assets.xcassets"; sourceTree = "<group>"; };
		496CAC872C8FFF820059E50C /* LightMonitor.swift */ = {isa = PBXFileReference; lastKnownFileType = sourcecode.swift; path = LightMonitor.swift; sourceTree = "<group>"; };
		496CAC892C9000FE0059E50C /* PowerSavingManager.swift */ = {isa = PBXFileReference; lastKnownFileType = sourcecode.swift; path = PowerSavingManager.swift; sourceTree = "<group>"; };
		49BD4D552C8F64D800D1E8A1 /* Info.plist */ = {isa = PBXFileReference; lastKnownFileType = text.plist; path = Info.plist; sourceTree = "<group>"; };
		49EC2FF62C9021F90066436E /* AssetSorting.swift */ = {isa = PBXFileReference; lastKnownFileType = sourcecode.swift; path = AssetSorting.swift; sourceTree = "<group>"; };
/* End PBXFileReference section */

/* Begin PBXFrameworksBuildPhase section */
		494FEC122C8EF4DC009A2031 /* Frameworks */ = {
			isa = PBXFrameworksBuildPhase;
			buildActionMask = 2147483647;
			files = (
			);
			runOnlyForDeploymentPostprocessing = 0;
		};
/* End PBXFrameworksBuildPhase section */

/* Begin PBXGroup section */
		494FEC0C2C8EF4DB009A2031 = {
			isa = PBXGroup;
			children = (
				494FEC172C8EF4DC009A2031 /* DigitalPictureFrame */,
				494FEC162C8EF4DC009A2031 /* Products */,
			);
			sourceTree = "<group>";
		};
		494FEC162C8EF4DC009A2031 /* Products */ = {
			isa = PBXGroup;
			children = (
				494FEC152C8EF4DC009A2031 /* DigitalPictureFrame.app */,
			);
			name = Products;
			sourceTree = "<group>";
		};
		494FEC172C8EF4DC009A2031 /* DigitalPictureFrame */ = {
			isa = PBXGroup;
			children = (
				496CAC892C9000FE0059E50C /* PowerSavingManager.swift */,
				49BD4D552C8F64D800D1E8A1 /* Info.plist */,
				494FEC182C8EF4DC009A2031 /* DigitalPictureFrameApp.swift */,
				494FEC1A2C8EF4DC009A2031 /* ContentView.swift */,
				494FEC1C2C8EF4DD009A2031 /* Assets.xcassets */,
				494FEC1E2C8EF4DD009A2031 /* Preview Content */,
				496CAC872C8FFF820059E50C /* LightMonitor.swift */,
				49EC2FF62C9021F90066436E /* AssetSorting.swift */,
			);
			path = DigitalPictureFrame;
			sourceTree = "<group>";
		};
		494FEC1E2C8EF4DD009A2031 /* Preview Content */ = {
			isa = PBXGroup;
			children = (
				494FEC1F2C8EF4DD009A2031 /* Preview Assets.xcassets */,
			);
			path = "Preview Content";
			sourceTree = "<group>";
		};
/* End PBXGroup section */

/* Begin PBXNativeTarget section */
		494FEC142C8EF4DC009A2031 /* DigitalPictureFrame */ = {
			isa = PBXNativeTarget;
			buildConfigurationList = 494FEC232C8EF4DD009A2031 /* Build configuration list for PBXNativeTarget "DigitalPictureFrame" */;
			buildPhases = (
				494FEC112C8EF4DC009A2031 /* Sources */,
				494FEC122C8EF4DC009A2031 /* Frameworks */,
				494FEC132C8EF4DC009A2031 /* Resources */,
			);
			buildRules = (
			);
			dependencies = (
			);
			name = DigitalPictureFrame;
			productName = DigitalPictureFrame;
			productReference = 494FEC152C8EF4DC009A2031 /* DigitalPictureFrame.app */;
			productType = "com.apple.product-type.application";
		};
/* End PBXNativeTarget section */

/* Begin PBXProject section */
		494FEC0D2C8EF4DB009A2031 /* Project object */ = {
			isa = PBXProject;
			attributes = {
				BuildIndependentTargetsInParallel = 1;
				LastSwiftUpdateCheck = 1530;
				LastUpgradeCheck = 1530;
				TargetAttributes = {
					494FEC142C8EF4DC009A2031 = {
						CreatedOnToolsVersion = 15.3;
					};
				};
			};
			buildConfigurationList = 494FEC102C8EF4DB009A2031 /* Build configuration list for PBXProject "DigitalPictureFrame" */;
			compatibilityVersion = "Xcode 14.0";
			developmentRegion = en;
			hasScannedForEncodings = 0;
			knownRegions = (
				en,
				Base,
			);
			mainGroup = 494FEC0C2C8EF4DB009A2031;
			productRefGroup = 494FEC162C8EF4DC009A2031 /* Products */;
			projectDirPath = "";
			projectRoot = "";
			targets = (
				494FEC142C8EF4DC009A2031 /* DigitalPictureFrame */,
			);
		};
/* End PBXProject section */

/* Begin PBXResourcesBuildPhase section */
		494FEC132C8EF4DC009A2031 /* Resources */ = {
			isa = PBXResourcesBuildPhase;
			buildActionMask = 2147483647;
			files = (
				494FEC202C8EF4DD009A2031 /* Preview Assets.xcassets in Resources */,
				494FEC1D2C8EF4DD009A2031 /* Assets.xcassets in Resources */,
			);
			runOnlyForDeploymentPostprocessing = 0;
		};
/* End PBXResourcesBuildPhase section */

/* Begin PBXSourcesBuildPhase section */
		494FEC112C8EF4DC009A2031 /* Sources */ = {
			isa = PBXSourcesBuildPhase;
			buildActionMask = 2147483647;
			files = (
				49EC2FF72C9021F90066436E /* AssetSorting.swift in Sources */,
				494FEC1B2C8EF4DC009A2031 /* ContentView.swift in Sources */,
				494FEC192C8EF4DC009A2031 /* DigitalPictureFrameApp.swift in Sources */,
				496CAC882C8FFF820059E50C /* LightMonitor.swift in Sources */,
				496CAC8A2C9000FE0059E50C /* PowerSavingManager.swift in Sources */,
			);
			runOnlyForDeploymentPostprocessing = 0;
		};
/* End PBXSourcesBuildPhase section */

/* Begin XCBuildConfiguration section */
		494FEC212C8EF4DD009A2031 /* Debug */ = {
			isa = XCBuildConfiguration;
			buildSettings = {
				ALWAYS_SEARCH_USER_PATHS = NO;
				ASSETCATALOG_COMPILER_GENERATE_SWIFT_ASSET_SYMBOL_EXTENSIONS = YES;
				CLANG_ANALYZER_NONNULL = YES;
				CLANG_ANALYZER_NUMBER_OBJECT_CONVERSION = YES_AGGRESSIVE;
				CLANG_CXX_LANGUAGE_STANDARD = "gnu++20";
				CLANG_ENABLE_MODULES = YES;
				CLANG_ENABLE_OBJC_ARC = YES;
				CLANG_ENABLE_OBJC_WEAK = YES;
				CLANG_WARN_BLOCK_CAPTURE_AUTORELEASING = YES;
				CLANG_WARN_BOOL_CONVERSION = YES;
				CLANG_WARN_COMMA = YES;
				CLANG_WARN_CONSTANT_CONVERSION = YES;
				CLANG_WARN_DEPRECATED_OBJC_IMPLEMENTATIONS = YES;
				CLANG_WARN_DIRECT_OBJC_ISA_USAGE = YES_ERROR;
				CLANG_WARN_DOCUMENTATION_COMMENTS = YES;
				CLANG_WARN_EMPTY_BODY = YES;
				CLANG_WARN_ENUM_CONVERSION = YES;
				CLANG_WARN_INFINITE_RECURSION = YES;
				CLANG_WARN_INT_CONVERSION = YES;
				CLANG_WARN_NON_LITERAL_NULL_CONVERSION = YES;
				CLANG_WARN_OBJC_IMPLICIT_RETAIN_SELF = YES;
				CLANG_WARN_OBJC_LITERAL_CONVERSION = YES;
				CLANG_WARN_OBJC_ROOT_CLASS = YES_ERROR;
				CLANG_WARN_QUOTED_INCLUDE_IN_FRAMEWORK_HEADER = YES;
				CLANG_WARN_RANGE_LOOP_ANALYSIS = YES;
				CLANG_WARN_STRICT_PROTOTYPES = YES;
				CLANG_WARN_SUSPICIOUS_MOVE = YES;
				CLANG_WARN_UNGUARDED_AVAILABILITY = YES_AGGRESSIVE;
				CLANG_WARN_UNREACHABLE_CODE = YES;
				CLANG_WARN__DUPLICATE_METHOD_MATCH = YES;
				COPY_PHASE_STRIP = NO;
				DEBUG_INFORMATION_FORMAT = dwarf;
				ENABLE_STRICT_OBJC_MSGSEND = YES;
				ENABLE_TESTABILITY = YES;
				ENABLE_USER_SCRIPT_SANDBOXING = YES;
				GCC_C_LANGUAGE_STANDARD = gnu17;
				GCC_DYNAMIC_NO_PIC = NO;
				GCC_NO_COMMON_BLOCKS = YES;
				GCC_OPTIMIZATION_LEVEL = 0;
				GCC_PREPROCESSOR_DEFINITIONS = (
					"DEBUG=1",
					"$(inherited)",
				);
				GCC_WARN_64_TO_32_BIT_CONVERSION = YES;
				GCC_WARN_ABOUT_RETURN_TYPE = YES_ERROR;
				GCC_WARN_UNDECLARED_SELECTOR = YES;
				GCC_WARN_UNINITIALIZED_AUTOS = YES_AGGRESSIVE;
				GCC_WARN_UNUSED_FUNCTION = YES;
				GCC_WARN_UNUSED_VARIABLE = YES;
				IPHONEOS_DEPLOYMENT_TARGET = 17.4;
				LOCALIZATION_PREFERS_STRING_CATALOGS = YES;
				MTL_ENABLE_DEBUG_INFO = INCLUDE_SOURCE;
				MTL_FAST_MATH = YES;
				ONLY_ACTIVE_ARCH = YES;
				SDKROOT = iphoneos;
				SWIFT_ACTIVE_COMPILATION_CONDITIONS = "DEBUG $(inherited)";
				SWIFT_OPTIMIZATION_LEVEL = "-Onone";
			};
			name = Debug;
		};
		494FEC222C8EF4DD009A2031 /* Release */ = {
			isa = XCBuildConfiguration;
			buildSettings = {
				ALWAYS_SEARCH_USER_PATHS = NO;
				ASSETCATALOG_COMPILER_GENERATE_SWIFT_ASSET_SYMBOL_EXTENSIONS = YES;
				CLANG_ANALYZER_NONNULL = YES;
				CLANG_ANALYZER_NUMBER_OBJECT_CONVERSION = YES_AGGRESSIVE;
				CLANG_CXX_LANGUAGE_STANDARD = "gnu++20";
				CLANG_ENABLE_MODULES = YES;
				CLANG_ENABLE_OBJC_ARC = YES;
				CLANG_ENABLE_OBJC_WEAK = YES;
				CLANG_WARN_BLOCK_CAPTURE_AUTORELEASING = YES;
				CLANG_WARN_BOOL_CONVERSION = YES;
				CLANG_WARN_COMMA = YES;
				CLANG_WARN_CONSTANT_CONVERSION = YES;
				CLANG_WARN_DEPRECATED_OBJC_IMPLEMENTATIONS = YES;
				CLANG_WARN_DIRECT_OBJC_ISA_USAGE = YES_ERROR;
				CLANG_WARN_DOCUMENTATION_COMMENTS = YES;
				CLANG_WARN_EMPTY_BODY = YES;
				CLANG_WARN_ENUM_CONVERSION = YES;
				CLANG_WARN_INFINITE_RECURSION = YES;
				CLANG_WARN_INT_CONVERSION = YES;
				CLANG_WARN_NON_LITERAL_NULL_CONVERSION = YES;
				CLANG_WARN_OBJC_IMPLICIT_RETAIN_SELF = YES;
				CLANG_WARN_OBJC_LITERAL_CONVERSION = YES;
				CLANG_WARN_OBJC_ROOT_CLASS = YES_ERROR;
				CLANG_WARN_QUOTED_INCLUDE_IN_FRAMEWORK_HEADER = YES;
				CLANG_WARN_RANGE_LOOP_ANALYSIS = YES;
				CLANG_WARN_STRICT_PROTOTYPES = YES;
				CLANG_WARN_SUSPICIOUS_MOVE = YES;
				CLANG_WARN_UNGUARDED_AVAILABILITY = YES_AGGRESSIVE;
				CLANG_WARN_UNREACHABLE_CODE = YES;
				CLANG_WARN__DUPLICATE_METHOD_MATCH = YES;
				COPY_PHASE_STRIP = NO;
				DEBUG_INFORMATION_FORMAT = "dwarf-with-dsym";
				ENABLE_NS_ASSERTIONS = NO;
				ENABLE_STRICT_OBJC_MSGSEND = YES;
				ENABLE_USER_SCRIPT_SANDBOXING = YES;
				GCC_C_LANGUAGE_STANDARD = gnu17;
				GCC_NO_COMMON_BLOCKS = YES;
				GCC_WARN_64_TO_32_BIT_CONVERSION = YES;
				GCC_WARN_ABOUT_RETURN_TYPE = YES_ERROR;
				GCC_WARN_UNDECLARED_SELECTOR = YES;
				GCC_WARN_UNINITIALIZED_AUTOS = YES_AGGRESSIVE;
				GCC_WARN_UNUSED_FUNCTION = YES;
				GCC_WARN_UNUSED_VARIABLE = YES;
				IPHONEOS_DEPLOYMENT_TARGET = 17.4;
				LOCALIZATION_PREFERS_STRING_CATALOGS = YES;
				MTL_ENABLE_DEBUG_INFO = NO;
				MTL_FAST_MATH = YES;
				SDKROOT = iphoneos;
				SWIFT_COMPILATION_MODE = wholemodule;
				VALIDATE_PRODUCT = YES;
			};
			name = Release;
		};
		494FEC242C8EF4DD009A2031 /* Debug */ = {
			isa = XCBuildConfiguration;
			buildSettings = {
				ASSETCATALOG_COMPILER_APPICON_NAME = AppIcon;
				ASSETCATALOG_COMPILER_GLOBAL_ACCENT_COLOR_NAME = AccentColor;
				CODE_SIGN_STYLE = Automatic;
				CURRENT_PROJECT_VERSION = 1;
				DEVELOPMENT_ASSET_PATHS = "\"DigitalPictureFrame/Preview Content\"";
				DEVELOPMENT_TEAM = XT5PQQV954;
				ENABLE_PREVIEWS = YES;
				GENERATE_INFOPLIST_FILE = YES;
				INFOPLIST_FILE = DigitalPictureFrame/Info.plist;
				INFOPLIST_KEY_NSFileProviderDomainUsageDescription = "";
				INFOPLIST_KEY_NSPhotoLibraryUsageDescription = "Requires access to photos";
				INFOPLIST_KEY_UIApplicationSceneManifest_Generation = YES;
				INFOPLIST_KEY_UIApplicationSupportsIndirectInputEvents = YES;
				INFOPLIST_KEY_UILaunchScreen_Generation = YES;
				INFOPLIST_KEY_UIRequiresFullScreen = YES;
				INFOPLIST_KEY_UISupportedInterfaceOrientations = "UIInterfaceOrientationLandscapeLeft UIInterfaceOrientationLandscapeRight UIInterfaceOrientationPortrait";
				INFOPLIST_KEY_UISupportedInterfaceOrientations_iPad = "UIInterfaceOrientationLandscapeLeft UIInterfaceOrientationLandscapeRight";
				IPHONEOS_DEPLOYMENT_TARGET = 16.0;
				LD_RUNPATH_SEARCH_PATHS = (
					"$(inherited)",
					"@executable_path/Frameworks",
				);
				MARKETING_VERSION = 1.0;
				PRODUCT_BUNDLE_IDENTIFIER = highpertinent.DigitalPictureFrame;
				PRODUCT_NAME = "$(TARGET_NAME)";
				SUPPORTED_PLATFORMS = "iphoneos iphonesimulator";
				SUPPORTS_MACCATALYST = NO;
				SUPPORTS_MAC_DESIGNED_FOR_IPHONE_IPAD = NO;
				SUPPORTS_XR_DESIGNED_FOR_IPHONE_IPAD = NO;
				SWIFT_EMIT_LOC_STRINGS = YES;
				SWIFT_VERSION = 5.0;
				TARGETED_DEVICE_FAMILY = 2;
			};
			name = Debug;
		};
		494FEC252C8EF4DD009A2031 /* Release */ = {
			isa = XCBuildConfiguration;
			buildSettings = {
				ASSETCATALOG_COMPILER_APPICON_NAME = AppIcon;
				ASSETCATALOG_COMPILER_GLOBAL_ACCENT_COLOR_NAME = AccentColor;
				CODE_SIGN_STYLE = Automatic;
				CURRENT_PROJECT_VERSION = 1;
				DEVELOPMENT_ASSET_PATHS = "\"DigitalPictureFrame/Preview Content\"";
				DEVELOPMENT_TEAM = XT5PQQV954;
				ENABLE_PREVIEWS = YES;
				GENERATE_INFOPLIST_FILE = YES;
				INFOPLIST_FILE = DigitalPictureFrame/Info.plist;
				INFOPLIST_KEY_NSFileProviderDomainUsageDescription = "";
				INFOPLIST_KEY_NSPhotoLibraryUsageDescription = "Requires access to photos";
				INFOPLIST_KEY_UIApplicationSceneManifest_Generation = YES;
				INFOPLIST_KEY_UIApplicationSupportsIndirectInputEvents = YES;
				INFOPLIST_KEY_UILaunchScreen_Generation = YES;
				INFOPLIST_KEY_UIRequiresFullScreen = YES;
				INFOPLIST_KEY_UISupportedInterfaceOrientations = "UIInterfaceOrientationLandscapeLeft UIInterfaceOrientationLandscapeRight UIInterfaceOrientationPortrait";
				INFOPLIST_KEY_UISupportedInterfaceOrientations_iPad = "UIInterfaceOrientationLandscapeLeft UIInterfaceOrientationLandscapeRight";
				IPHONEOS_DEPLOYMENT_TARGET = 16.0;
				LD_RUNPATH_SEARCH_PATHS = (
					"$(inherited)",
					"@executable_path/Frameworks",
				);
				MARKETING_VERSION = 1.0;
				PRODUCT_BUNDLE_IDENTIFIER = highpertinent.DigitalPictureFrame;
				PRODUCT_NAME = "$(TARGET_NAME)";
				SUPPORTED_PLATFORMS = "iphoneos iphonesimulator";
				SUPPORTS_MACCATALYST = NO;
				SUPPORTS_MAC_DESIGNED_FOR_IPHONE_IPAD = NO;
				SUPPORTS_XR_DESIGNED_FOR_IPHONE_IPAD = NO;
				SWIFT_EMIT_LOC_STRINGS = YES;
				SWIFT_VERSION = 5.0;
				TARGETED_DEVICE_FAMILY = 2;
			};
			name = Release;
		};
/* End XCBuildConfiguration section */

/* Begin XCConfigurationList section */
		494FEC102C8EF4DB009A2031 /* Build configuration list for PBXProject "DigitalPictureFrame" */ = {
			isa = XCConfigurationList;
			buildConfigurations = (
				494FEC212C8EF4DD009A2031 /* Debug */,
				494FEC222C8EF4DD009A2031 /* Release */,
			);
			defaultConfigurationIsVisible = 0;
			defaultConfigurationName = Release;
		};
		494FEC232C8EF4DD009A2031 /* Build configuration list for PBXNativeTarget "DigitalPictureFrame" */ = {
			isa = XCConfigurationList;
			buildConfigurations = (
				494FEC242C8EF4DD009A2031 /* Debug */,
				494FEC252C8EF4DD009A2031 /* Release */,
			);
			defaultConfigurationIsVisible = 0;
			defaultConfigurationName = Release;
		};
/* End XCConfigurationList section */
	};
	rootObject = 494FEC0D2C8EF4DB009A2031 /* Project object */;
}
